
Microsoft Visual Studio Solution File, Format Version 12.00
# Visual Studio 14
VisualStudioVersion = 14.0.23107.0
MinimumVisualStudioVersion = 10.0.40219.1
Project("{FAE04EC0-301F-11D3-BF4B-00C04F79EFBC}") = "ModEditor", "ModEditor\ModEditor.csproj", "{008ECFD5-4880-4943-A2EC-54508903AC48}"
EndProject
Project("{FAE04EC0-301F-11D3-BF4B-00C04F79EFBC}") = "ModInfo", "ModInfo\ModInfo.csproj", "{9B1260F3-C033-44A8-A21D-69BF38EE40DD}"
EndProject
Global
	GlobalSection(SolutionConfigurationPlatforms) = preSolution
		Debug|Any CPU = Debug|Any CPU
		Release|Any CPU = Release|Any CPU
	EndGlobalSection
	GlobalSection(ProjectConfigurationPlatforms) = postSolution
		{008ECFD5-4880-4943-A2EC-54508903AC48}.Debug|Any CPU.ActiveCfg = Debug|Any CPU
		{008ECFD5-4880-4943-A2EC-54508903AC48}.Debug|Any CPU.Build.0 = Debug|Any CPU
		{008ECFD5-4880-4943-A2EC-54508903AC48}.Release|Any CPU.ActiveCfg = Release|Any CPU
		{008ECFD5-4880-4943-A2EC-54508903AC48}.Release|Any CPU.Build.0 = Release|Any CPU
		{9B1260F3-C033-44A8-A21D-69BF38EE40DD}.Debug|Any CPU.ActiveCfg = Debug|Any CPU
		{9B1260F3-C033-44A8-A21D-69BF38EE40DD}.Debug|Any CPU.Build.0 = Debug|Any CPU
		{9B1260F3-C033-44A8-A21D-69BF38EE40DD}.Release|Any CPU.ActiveCfg = Release|Any CPU
		{9B1260F3-C033-44A8-A21D-69BF38EE40DD}.Release|Any CPU.Build.0 = Release|Any CPU
	EndGlobalSection
	GlobalSection(SolutionProperties) = preSolution
		HideSolutionNode = FALSE
	EndGlobalSection
EndGlobal
